
Microsoft Visual Studio Solution File, Format Version 12.00
# Visual Studio Version 16
VisualStudioVersion = 16.0.32929.386
MinimumVisualStudioVersion = 10.0.40219.1
Project("{FAE04EC0-301F-11D3-BF4B-00C04F79EFBC}") = "FConfig.NetStandard", "FConfig.NetStandard.csproj", "{3BF41A98-C6DD-4504-9ECA-BEFB92C48CCD}"
EndProject
Global
	GlobalSection(SolutionConfigurationPlatforms) = preSolution
		Debug|Any CPU = Debug|Any CPU
		Release|Any CPU = Release|Any CPU
	EndGlobalSection
	GlobalSection(ProjectConfigurationPlatforms) = postSolution
		{3BF41A98-C6DD-4504-9ECA-BEFB92C48CCD}.Debug|Any CPU.ActiveCfg = Debug|Any CPU
		{3BF41A98-C6DD-4504-9ECA-BEFB92C48CCD}.Debug|Any CPU.Build.0 = Debug|Any CPU
		{3BF41A98-C6DD-4504-9ECA-BEFB92C48CCD}.Release|Any CPU.ActiveCfg = Release|Any CPU
		{3BF41A98-C6DD-4504-9ECA-BEFB92C48CCD}.Release|Any CPU.Build.0 = Release|Any CPU
	EndGlobalSection
	GlobalSection(SolutionProperties) = preSolution
		HideSolutionNode = FALSE
	EndGlobalSection
	GlobalSection(ExtensibilityGlobals) = postSolution
		SolutionGuid = {9C3C624C-94E1-4FA1-A4B1-5B7F0ED84CDA}
	EndGlobalSection
EndGlobal
